// !$*UTF8*$!
{
	archiveVersion = 1;
	classes = {
	};
	objectVersion = 56;
	objects = {

/* Begin PBXBuildFile section */
		23F8FD9E2C46687000E235BC /* AppDelegate.swift in Sources */ = {isa = PBXBuildFile; fileRef = 23F8FD9D2C46687000E235BC /* AppDelegate.swift */; };
		23F8FDA02C46687000E235BC /* SceneDelegate.swift in Sources */ = {isa = PBXBuildFile; fileRef = 23F8FD9F2C46687000E235BC /* SceneDelegate.swift */; };
		23F8FDA22C46687000E235BC /* ViewController.swift in Sources */ = {isa = PBXBuildFile; fileRef = 23F8FDA12C46687000E235BC /* ViewController.swift */; };
		23F8FDA52C46687000E235BC /* pokemonContactApp.xcdatamodeld in Sources */ = {isa = PBXBuildFile; fileRef = 23F8FDA32C46687000E235BC /* pokemonContactApp.xcdatamodeld */; };
		23F8FDA72C46687100E235BC /* Assets.xcassets in Resources */ = {isa = PBXBuildFile; fileRef = 23F8FDA62C46687100E235BC /* Assets.xcassets */; };
		23F8FDAA2C46687100E235BC /* Base in Resources */ = {isa = PBXBuildFile; fileRef = 23F8FDA92C46687100E235BC /* Base */; };
		23F8FDB32C466BDE00E235BC /* PhoneBook+CoreDataClass.swift in Sources */ = {isa = PBXBuildFile; fileRef = 23F8FDB12C466BDD00E235BC /* PhoneBook+CoreDataClass.swift */; };
		23F8FDB42C466BDE00E235BC /* PhoneBook+CoreDataProperties.swift in Sources */ = {isa = PBXBuildFile; fileRef = 23F8FDB22C466BDD00E235BC /* PhoneBook+CoreDataProperties.swift */; };
		23F8FDB62C46A48400E235BC /* TableViewCell.swift in Sources */ = {isa = PBXBuildFile; fileRef = 23F8FDB52C46A48400E235BC /* TableViewCell.swift */; };
		23F8FDC02C47824B00E235BC /* PhoneBookViewController.swift in Sources */ = {isa = PBXBuildFile; fileRef = 23F8FDBF2C47824B00E235BC /* PhoneBookViewController.swift */; };
		23F8FDC22C47C5F400E235BC /* pokemonImageAPI.swift in Sources */ = {isa = PBXBuildFile; fileRef = 23F8FDC12C47C5F400E235BC /* pokemonImageAPI.swift */; };
		23F8FDC52C47CC3300E235BC /* Alamofire in Frameworks */ = {isa = PBXBuildFile; productRef = 23F8FDC42C47CC3300E235BC /* Alamofire */; };
/* End PBXBuildFile section */

/* Begin PBXFileReference section */
		23F8FD9A2C46687000E235BC /* pokemonContactApp.app */ = {isa = PBXFileReference; explicitFileType = wrapper.application; includeInIndex = 0; path = pokemonContactApp.app; sourceTree = BUILT_PRODUCTS_DIR; };
		23F8FD9D2C46687000E235BC /* AppDelegate.swift */ = {isa = PBXFileReference; lastKnownFileType = sourcecode.swift; path = AppDelegate.swift; sourceTree = "<group>"; };
		23F8FD9F2C46687000E235BC /* SceneDelegate.swift */ = {isa = PBXFileReference; lastKnownFileType = sourcecode.swift; path = SceneDelegate.swift; sourceTree = "<group>"; };
		23F8FDA12C46687000E235BC /* ViewController.swift */ = {isa = PBXFileReference; lastKnownFileType = sourcecode.swift; path = ViewController.swift; sourceTree = "<group>"; };
		23F8FDA42C46687000E235BC /* pokemonContactApp.xcdatamodel */ = {isa = PBXFileReference; lastKnownFileType = wrapper.xcdatamodel; path = pokemonContactApp.xcdatamodel; sourceTree = "<group>"; };
		23F8FDA62C46687100E235BC /* Assets.xcassets */ = {isa = PBXFileReference; lastKnownFileType = folder.assetcatalog; path = Assets.xcassets; sourceTree = "<group>"; };
		23F8FDA92C46687100E235BC /* Base */ = {isa = PBXFileReference; lastKnownFileType = file.storyboard; name = Base; path = Base.lproj/LaunchScreen.storyboard; sourceTree = "<group>"; };
		23F8FDAB2C46687100E235BC /* Info.plist */ = {isa = PBXFileReference; lastKnownFileType = text.plist.xml; path = Info.plist; sourceTree = "<group>"; };
		23F8FDB12C466BDD00E235BC /* PhoneBook+CoreDataClass.swift */ = {isa = PBXFileReference; lastKnownFileType = sourcecode.swift; path = "PhoneBook+CoreDataClass.swift"; sourceTree = "<group>"; };
		23F8FDB22C466BDD00E235BC /* PhoneBook+CoreDataProperties.swift */ = {isa = PBXFileReference; lastKnownFileType = sourcecode.swift; path = "PhoneBook+CoreDataProperties.swift"; sourceTree = "<group>"; };
		23F8FDB52C46A48400E235BC /* TableViewCell.swift */ = {isa = PBXFileReference; lastKnownFileType = sourcecode.swift; path = TableViewCell.swift; sourceTree = "<group>"; };
		23F8FDBF2C47824B00E235BC /* PhoneBookViewController.swift */ = {isa = PBXFileReference; lastKnownFileType = sourcecode.swift; path = PhoneBookViewController.swift; sourceTree = "<group>"; };
		23F8FDC12C47C5F400E235BC /* pokemonImageAPI.swift */ = {isa = PBXFileReference; lastKnownFileType = sourcecode.swift; path = pokemonImageAPI.swift; sourceTree = "<group>"; };
/* End PBXFileReference section */

/* Begin PBXFrameworksBuildPhase section */
		23F8FD972C46687000E235BC /* Frameworks */ = {
			isa = PBXFrameworksBuildPhase;
			buildActionMask = 2147483647;
			files = (
				23F8FDC52C47CC3300E235BC /* Alamofire in Frameworks */,
			);
			runOnlyForDeploymentPostprocessing = 0;
		};
/* End PBXFrameworksBuildPhase section */

/* Begin PBXGroup section */
		23F8FD912C46687000E235BC = {
			isa = PBXGroup;
			children = (
				23F8FDB12C466BDD00E235BC /* PhoneBook+CoreDataClass.swift */,
				23F8FDB22C466BDD00E235BC /* PhoneBook+CoreDataProperties.swift */,
				23F8FD9C2C46687000E235BC /* pokemonContactApp */,
				23F8FD9B2C46687000E235BC /* Products */,
			);
			sourceTree = "<group>";
		};
		23F8FD9B2C46687000E235BC /* Products */ = {
			isa = PBXGroup;
			children = (
				23F8FD9A2C46687000E235BC /* pokemonContactApp.app */,
			);
			name = Products;
			sourceTree = "<group>";
		};
		23F8FD9C2C46687000E235BC /* pokemonContactApp */ = {
			isa = PBXGroup;
			children = (
				23F8FD9D2C46687000E235BC /* AppDelegate.swift */,
				23F8FD9F2C46687000E235BC /* SceneDelegate.swift */,
				23F8FDB52C46A48400E235BC /* TableViewCell.swift */,
				23F8FDBF2C47824B00E235BC /* PhoneBookViewController.swift */,
				23F8FDA12C46687000E235BC /* ViewController.swift */,
				23F8FDC12C47C5F400E235BC /* pokemonImageAPI.swift */,
				23F8FDA62C46687100E235BC /* Assets.xcassets */,
				23F8FDA82C46687100E235BC /* LaunchScreen.storyboard */,
				23F8FDAB2C46687100E235BC /* Info.plist */,
				23F8FDA32C46687000E235BC /* pokemonContactApp.xcdatamodeld */,
			);
			path = pokemonContactApp;
			sourceTree = "<group>";
		};
/* End PBXGroup section */

/* Begin PBXNativeTarget section */
		23F8FD992C46687000E235BC /* pokemonContactApp */ = {
			isa = PBXNativeTarget;
			buildConfigurationList = 23F8FDAE2C46687100E235BC /* Build configuration list for PBXNativeTarget "pokemonContactApp" */;
			buildPhases = (
				23F8FD962C46687000E235BC /* Sources */,
				23F8FD972C46687000E235BC /* Frameworks */,
				23F8FD982C46687000E235BC /* Resources */,
			);
			buildRules = (
			);
			dependencies = (
			);
			name = pokemonContactApp;
			packageProductDependencies = (
				23F8FDC42C47CC3300E235BC /* Alamofire */,
			);
			productName = pokemonContactApp;
			productReference = 23F8FD9A2C46687000E235BC /* pokemonContactApp.app */;
			productType = "com.apple.product-type.application";
		};
/* End PBXNativeTarget section */

/* Begin PBXProject section */
		23F8FD922C46687000E235BC /* Project object */ = {
			isa = PBXProject;
			attributes = {
				BuildIndependentTargetsInParallel = 1;
				LastSwiftUpdateCheck = 1540;
				LastUpgradeCheck = 1540;
				TargetAttributes = {
					23F8FD992C46687000E235BC = {
						CreatedOnToolsVersion = 15.4;
					};
				};
			};
			buildConfigurationList = 23F8FD952C46687000E235BC /* Build configuration list for PBXProject "pokemonContactApp" */;
			compatibilityVersion = "Xcode 14.0";
			developmentRegion = en;
			hasScannedForEncodings = 0;
			knownRegions = (
				en,
				Base,
			);
			mainGroup = 23F8FD912C46687000E235BC;
			packageReferences = (
				23F8FDC32C47CC3300E235BC /* XCRemoteSwiftPackageReference "Alamofire" */,
			);
			productRefGroup = 23F8FD9B2C46687000E235BC /* Products */;
			projectDirPath = "";
			projectRoot = "";
			targets = (
				23F8FD992C46687000E235BC /* pokemonContactApp */,
			);
		};
/* End PBXProject section */

/* Begin PBXResourcesBuildPhase section */
		23F8FD982C46687000E235BC /* Resources */ = {
			isa = PBXResourcesBuildPhase;
			buildActionMask = 2147483647;
			files = (
				23F8FDA72C46687100E235BC /* Assets.xcassets in Resources */,
				23F8FDAA2C46687100E235BC /* Base in Resources */,
			);
			runOnlyForDeploymentPostprocessing = 0;
		};
/* End PBXResourcesBuildPhase section */

/* Begin PBXSourcesBuildPhase section */
		23F8FD962C46687000E235BC /* Sources */ = {
			isa = PBXSourcesBuildPhase;
			buildActionMask = 2147483647;
			files = (
				23F8FDA52C46687000E235BC /* pokemonContactApp.xcdatamodeld in Sources */,
				23F8FDA22C46687000E235BC /* ViewController.swift in Sources */,
				23F8FD9E2C46687000E235BC /* AppDelegate.swift in Sources */,
				23F8FDC22C47C5F400E235BC /* pokemonImageAPI.swift in Sources */,
				23F8FDB32C466BDE00E235BC /* PhoneBook+CoreDataClass.swift in Sources */,
				23F8FDC02C47824B00E235BC /* PhoneBookViewController.swift in Sources */,
				23F8FDB42C466BDE00E235BC /* PhoneBook+CoreDataProperties.swift in Sources */,
				23F8FDB62C46A48400E235BC /* TableViewCell.swift in Sources */,
				23F8FDA02C46687000E235BC /* SceneDelegate.swift in Sources */,
			);
			runOnlyForDeploymentPostprocessing = 0;
		};
/* End PBXSourcesBuildPhase section */

/* Begin PBXVariantGroup section */
		23F8FDA82C46687100E235BC /* LaunchScreen.storyboard */ = {
			isa = PBXVariantGroup;
			children = (
				23F8FDA92C46687100E235BC /* Base */,
			);
			name = LaunchScreen.storyboard;
			sourceTree = "<group>";
		};
/* End PBXVariantGroup section */

/* Begin XCBuildConfiguration section */
		23F8FDAC2C46687100E235BC /* Debug */ = {
			isa = XCBuildConfiguration;
			buildSettings = {
				ALWAYS_SEARCH_USER_PATHS = NO;
				ASSETCATALOG_COMPILER_GENERATE_SWIFT_ASSET_SYMBOL_EXTENSIONS = YES;
				CLANG_ANALYZER_NONNULL = YES;
				CLANG_ANALYZER_NUMBER_OBJECT_CONVERSION = YES_AGGRESSIVE;
				CLANG_CXX_LANGUAGE_STANDARD = "gnu++20";
				CLANG_ENABLE_MODULES = YES;
				CLANG_ENABLE_OBJC_ARC = YES;
				CLANG_ENABLE_OBJC_WEAK = YES;
				CLANG_WARN_BLOCK_CAPTURE_AUTORELEASING = YES;
				CLANG_WARN_BOOL_CONVERSION = YES;
				CLANG_WARN_COMMA = YES;
				CLANG_WARN_CONSTANT_CONVERSION = YES;
				CLANG_WARN_DEPRECATED_OBJC_IMPLEMENTATIONS = YES;
				CLANG_WARN_DIRECT_OBJC_ISA_USAGE = YES_ERROR;
				CLANG_WARN_DOCUMENTATION_COMMENTS = YES;
				CLANG_WARN_EMPTY_BODY = YES;
				CLANG_WARN_ENUM_CONVERSION = YES;
				CLANG_WARN_INFINITE_RECURSION = YES;
				CLANG_WARN_INT_CONVERSION = YES;
				CLANG_WARN_NON_LITERAL_NULL_CONVERSION = YES;
				CLANG_WARN_OBJC_IMPLICIT_RETAIN_SELF = YES;
				CLANG_WARN_OBJC_LITERAL_CONVERSION = YES;
				CLANG_WARN_OBJC_ROOT_CLASS = YES_ERROR;
				CLANG_WARN_QUOTED_INCLUDE_IN_FRAMEWORK_HEADER = YES;
				CLANG_WARN_RANGE_LOOP_ANALYSIS = YES;
				CLANG_WARN_STRICT_PROTOTYPES = YES;
				CLANG_WARN_SUSPICIOUS_MOVE = YES;
				CLANG_WARN_UNGUARDED_AVAILABILITY = YES_AGGRESSIVE;
				CLANG_WARN_UNREACHABLE_CODE = YES;
				CLANG_WARN__DUPLICATE_METHOD_MATCH = YES;
				COPY_PHASE_STRIP = NO;
				DEBUG_INFORMATION_FORMAT = dwarf;
				ENABLE_STRICT_OBJC_MSGSEND = YES;
				ENABLE_TESTABILITY = YES;
				ENABLE_USER_SCRIPT_SANDBOXING = YES;
				GCC_C_LANGUAGE_STANDARD = gnu17;
				GCC_DYNAMIC_NO_PIC = NO;
				GCC_NO_COMMON_BLOCKS = YES;
				GCC_OPTIMIZATION_LEVEL = 0;
				GCC_PREPROCESSOR_DEFINITIONS = (
					"DEBUG=1",
					"$(inherited)",
				);
				GCC_WARN_64_TO_32_BIT_CONVERSION = YES;
				GCC_WARN_ABOUT_RETURN_TYPE = YES_ERROR;
				GCC_WARN_UNDECLARED_SELECTOR = YES;
				GCC_WARN_UNINITIALIZED_AUTOS = YES_AGGRESSIVE;
				GCC_WARN_UNUSED_FUNCTION = YES;
				GCC_WARN_UNUSED_VARIABLE = YES;
				IPHONEOS_DEPLOYMENT_TARGET = 17.5;
				LOCALIZATION_PREFERS_STRING_CATALOGS = YES;
				MTL_ENABLE_DEBUG_INFO = INCLUDE_SOURCE;
				MTL_FAST_MATH = YES;
				ONLY_ACTIVE_ARCH = YES;
				SDKROOT = iphoneos;
				SWIFT_ACTIVE_COMPILATION_CONDITIONS = "DEBUG $(inherited)";
				SWIFT_OPTIMIZATION_LEVEL = "-Onone";
			};
			name = Debug;
		};
		23F8FDAD2C46687100E235BC /* Release */ = {
			isa = XCBuildConfiguration;
			buildSettings = {
				ALWAYS_SEARCH_USER_PATHS = NO;
				ASSETCATALOG_COMPILER_GENERATE_SWIFT_ASSET_SYMBOL_EXTENSIONS = YES;
				CLANG_ANALYZER_NONNULL = YES;
				CLANG_ANALYZER_NUMBER_OBJECT_CONVERSION = YES_AGGRESSIVE;
				CLANG_CXX_LANGUAGE_STANDARD = "gnu++20";
				CLANG_ENABLE_MODULES = YES;
				CLANG_ENABLE_OBJC_ARC = YES;
				CLANG_ENABLE_OBJC_WEAK = YES;
				CLANG_WARN_BLOCK_CAPTURE_AUTORELEASING = YES;
				CLANG_WARN_BOOL_CONVERSION = YES;
				CLANG_WARN_COMMA = YES;
				CLANG_WARN_CONSTANT_CONVERSION = YES;
				CLANG_WARN_DEPRECATED_OBJC_IMPLEMENTATIONS = YES;
				CLANG_WARN_DIRECT_OBJC_ISA_USAGE = YES_ERROR;
				CLANG_WARN_DOCUMENTATION_COMMENTS = YES;
				CLANG_WARN_EMPTY_BODY = YES;
				CLANG_WARN_ENUM_CONVERSION = YES;
				CLANG_WARN_INFINITE_RECURSION = YES;
				CLANG_WARN_INT_CONVERSION = YES;
				CLANG_WARN_NON_LITERAL_NULL_CONVERSION = YES;
				CLANG_WARN_OBJC_IMPLICIT_RETAIN_SELF = YES;
				CLANG_WARN_OBJC_LITERAL_CONVERSION = YES;
				CLANG_WARN_OBJC_ROOT_CLASS = YES_ERROR;
				CLANG_WARN_QUOTED_INCLUDE_IN_FRAMEWORK_HEADER = YES;
				CLANG_WARN_RANGE_LOOP_ANALYSIS = YES;
				CLANG_WARN_STRICT_PROTOTYPES = YES;
				CLANG_WARN_SUSPICIOUS_MOVE = YES;
				CLANG_WARN_UNGUARDED_AVAILABILITY = YES_AGGRESSIVE;
				CLANG_WARN_UNREACHABLE_CODE = YES;
				CLANG_WARN__DUPLICATE_METHOD_MATCH = YES;
				COPY_PHASE_STRIP = NO;
				DEBUG_INFORMATION_FORMAT = "dwarf-with-dsym";
				ENABLE_NS_ASSERTIONS = NO;
				ENABLE_STRICT_OBJC_MSGSEND = YES;
				ENABLE_USER_SCRIPT_SANDBOXING = YES;
				GCC_C_LANGUAGE_STANDARD = gnu17;
				GCC_NO_COMMON_BLOCKS = YES;
				GCC_WARN_64_TO_32_BIT_CONVERSION = YES;
				GCC_WARN_ABOUT_RETURN_TYPE = YES_ERROR;
				GCC_WARN_UNDECLARED_SELECTOR = YES;
				GCC_WARN_UNINITIALIZED_AUTOS = YES_AGGRESSIVE;
				GCC_WARN_UNUSED_FUNCTION = YES;
				GCC_WARN_UNUSED_VARIABLE = YES;
				IPHONEOS_DEPLOYMENT_TARGET = 17.5;
				LOCALIZATION_PREFERS_STRING_CATALOGS = YES;
				MTL_ENABLE_DEBUG_INFO = NO;
				MTL_FAST_MATH = YES;
				SDKROOT = iphoneos;
				SWIFT_COMPILATION_MODE = wholemodule;
				VALIDATE_PRODUCT = YES;
			};
			name = Release;
		};
		23F8FDAF2C46687100E235BC /* Debug */ = {
			isa = XCBuildConfiguration;
			buildSettings = {
				ASSETCATALOG_COMPILER_APPICON_NAME = AppIcon;
				ASSETCATALOG_COMPILER_GLOBAL_ACCENT_COLOR_NAME = AccentColor;
				CODE_SIGN_STYLE = Automatic;
				CURRENT_PROJECT_VERSION = 1;
				GENERATE_INFOPLIST_FILE = YES;
				INFOPLIST_FILE = pokemonContactApp/Info.plist;
				INFOPLIST_KEY_UIApplicationSupportsIndirectInputEvents = YES;
				INFOPLIST_KEY_UILaunchStoryboardName = LaunchScreen;
				INFOPLIST_KEY_UISupportedInterfaceOrientations_iPad = "UIInterfaceOrientationPortrait UIInterfaceOrientationPortraitUpsideDown UIInterfaceOrientationLandscapeLeft UIInterfaceOrientationLandscapeRight";
				INFOPLIST_KEY_UISupportedInterfaceOrientations_iPhone = "UIInterfaceOrientationPortrait UIInterfaceOrientationLandscapeLeft UIInterfaceOrientationLandscapeRight";
				LD_RUNPATH_SEARCH_PATHS = (
					"$(inherited)",
					"@executable_path/Frameworks",
				);
				MARKETING_VERSION = 1.0;
				PRODUCT_BUNDLE_IDENTIFIER = com.jean.pokemonContactApp;
				PRODUCT_NAME = "$(TARGET_NAME)";
				SWIFT_EMIT_LOC_STRINGS = YES;
				SWIFT_VERSION = 5.0;
				TARGETED_DEVICE_FAMILY = "1,2";
			};
			name = Debug;
		};
		23F8FDB02C46687100E235BC /* Release */ = {
			isa = XCBuildConfiguration;
			buildSettings = {
				ASSETCATALOG_COMPILER_APPICON_NAME = AppIcon;
				ASSETCATALOG_COMPILER_GLOBAL_ACCENT_COLOR_NAME = AccentColor;
				CODE_SIGN_STYLE = Automatic;
				CURRENT_PROJECT_VERSION = 1;
				GENERATE_INFOPLIST_FILE = YES;
				INFOPLIST_FILE = pokemonContactApp/Info.plist;
				INFOPLIST_KEY_UIApplicationSupportsIndirectInputEvents = YES;
				INFOPLIST_KEY_UILaunchStoryboardName = LaunchScreen;
				INFOPLIST_KEY_UISupportedInterfaceOrientations_iPad = "UIInterfaceOrientationPortrait UIInterfaceOrientationPortraitUpsideDown UIInterfaceOrientationLandscapeLeft UIInterfaceOrientationLandscapeRight";
				INFOPLIST_KEY_UISupportedInterfaceOrientations_iPhone = "UIInterfaceOrientationPortrait UIInterfaceOrientationLandscapeLeft UIInterfaceOrientationLandscapeRight";
				LD_RUNPATH_SEARCH_PATHS = (
					"$(inherited)",
					"@executable_path/Frameworks",
				);
				MARKETING_VERSION = 1.0;
				PRODUCT_BUNDLE_IDENTIFIER = com.jean.pokemonContactApp;
				PRODUCT_NAME = "$(TARGET_NAME)";
				SWIFT_EMIT_LOC_STRINGS = YES;
				SWIFT_VERSION = 5.0;
				TARGETED_DEVICE_FAMILY = "1,2";
			};
			name = Release;
		};
/* End XCBuildConfiguration section */

/* Begin XCConfigurationList section */
		23F8FD952C46687000E235BC /* Build configuration list for PBXProject "pokemonContactApp" */ = {
			isa = XCConfigurationList;
			buildConfigurations = (
				23F8FDAC2C46687100E235BC /* Debug */,
				23F8FDAD2C46687100E235BC /* Release */,
			);
			defaultConfigurationIsVisible = 0;
			defaultConfigurationName = Release;
		};
		23F8FDAE2C46687100E235BC /* Build configuration list for PBXNativeTarget "pokemonContactApp" */ = {
			isa = XCConfigurationList;
			buildConfigurations = (
				23F8FDAF2C46687100E235BC /* Debug */,
				23F8FDB02C46687100E235BC /* Release */,
			);
			defaultConfigurationIsVisible = 0;
			defaultConfigurationName = Release;
		};
/* End XCConfigurationList section */

/* Begin XCRemoteSwiftPackageReference section */
		23F8FDC32C47CC3300E235BC /* XCRemoteSwiftPackageReference "Alamofire" */ = {
			isa = XCRemoteSwiftPackageReference;
			repositoryURL = "https://github.com/Alamofire/Alamofire";
			requirement = {
				kind = upToNextMajorVersion;
				minimumVersion = 5.9.1;
			};
		};
/* End XCRemoteSwiftPackageReference section */

/* Begin XCSwiftPackageProductDependency section */
		23F8FDC42C47CC3300E235BC /* Alamofire */ = {
			isa = XCSwiftPackageProductDependency;
			package = 23F8FDC32C47CC3300E235BC /* XCRemoteSwiftPackageReference "Alamofire" */;
			productName = Alamofire;
		};
/* End XCSwiftPackageProductDependency section */

/* Begin XCVersionGroup section */
		23F8FDA32C46687000E235BC /* pokemonContactApp.xcdatamodeld */ = {
			isa = XCVersionGroup;
			children = (
				23F8FDA42C46687000E235BC /* pokemonContactApp.xcdatamodel */,
			);
			currentVersion = 23F8FDA42C46687000E235BC /* pokemonContactApp.xcdatamodel */;
			path = pokemonContactApp.xcdatamodeld;
			sourceTree = "<group>";
			versionGroupType = wrapper.xcdatamodel;
		};
/* End XCVersionGroup section */
	};
	rootObject = 23F8FD922C46687000E235BC /* Project object */;
}
